
Microsoft Visual Studio Solution File, Format Version 12.00
# Visual Studio Version 17
VisualStudioVersion = 17.14.36401.2
MinimumVisualStudioVersion = 10.0.40219.1
Project("{2150E333-8FDC-42A3-9474-1A3956D46DE8}") = "Solution Items", "Solution Items", "{02EA681E-C7D8-13C7-8484-4AC65E1B71E8}"
	ProjectSection(SolutionItems) = preProject
		.editorconfig = .editorconfig
		Directory.Build.props = Directory.Build.props
	EndProjectSection
EndProject
Project("{2150E333-8FDC-42A3-9474-1A3956D46DE8}") = "src", "src", "{8F414932-02C0-4A6E-8225-00A16DDCBAD6}"
EndProject
Project("{2150E333-8FDC-42A3-9474-1A3956D46DE8}") = "Modules", "Modules", "{208B2A15-D5E2-4784-A22D-D81BD3581562}"
EndProject
Project("{2150E333-8FDC-42A3-9474-1A3956D46DE8}") = "Events", "Events", "{78A5A358-616B-475F-9480-1C4A82252325}"
EndProject
Project("{FAE04EC0-301F-11D3-BF4B-00C04F79EFBC}") = "Evently.Modules.Events.Api", "src\Modules\Evently.Modules.Events.Api\Evently.Modules.Events.Api.csproj", "{DD383E65-6E30-480D-8F3E-096CB9E69EFE}"
EndProject
Project("{2150E333-8FDC-42A3-9474-1A3956D46DE8}") = "API", "API", "{5C7FA04C-ADAC-42EC-A37E-A13E8ACE7249}"
EndProject
Project("{FAE04EC0-301F-11D3-BF4B-00C04F79EFBC}") = "Evently.Api", "src\API\Evently.Api\Evently.Api.csproj", "{667BACC1-63A9-4661-9199-51F937B4C2EC}"
EndProject
Project("{E53339B2-1760-4266-BCC7-CA923CBCF16C}") = "docker-compose", "docker-compose.dcproj", "{81DDED9D-158B-E303-5F62-77A2896D2A5A}"
EndProject
Global
	GlobalSection(SolutionConfigurationPlatforms) = preSolution
		Debug|Any CPU = Debug|Any CPU
		Release|Any CPU = Release|Any CPU
	EndGlobalSection
	GlobalSection(ProjectConfigurationPlatforms) = postSolution
		{DD383E65-6E30-480D-8F3E-096CB9E69EFE}.Debug|Any CPU.ActiveCfg = Debug|Any CPU
		{DD383E65-6E30-480D-8F3E-096CB9E69EFE}.Debug|Any CPU.Build.0 = Debug|Any CPU
		{DD383E65-6E30-480D-8F3E-096CB9E69EFE}.Release|Any CPU.ActiveCfg = Release|Any CPU
		{DD383E65-6E30-480D-8F3E-096CB9E69EFE}.Release|Any CPU.Build.0 = Release|Any CPU
		{667BACC1-63A9-4661-9199-51F937B4C2EC}.Debug|Any CPU.ActiveCfg = Debug|Any CPU
		{667BACC1-63A9-4661-9199-51F937B4C2EC}.Debug|Any CPU.Build.0 = Debug|Any CPU
		{667BACC1-63A9-4661-9199-51F937B4C2EC}.Release|Any CPU.ActiveCfg = Release|Any CPU
		{667BACC1-63A9-4661-9199-51F937B4C2EC}.Release|Any CPU.Build.0 = Release|Any CPU
		{81DDED9D-158B-E303-5F62-77A2896D2A5A}.Debug|Any CPU.ActiveCfg = Debug|Any CPU
		{81DDED9D-158B-E303-5F62-77A2896D2A5A}.Debug|Any CPU.Build.0 = Debug|Any CPU
		{81DDED9D-158B-E303-5F62-77A2896D2A5A}.Release|Any CPU.ActiveCfg = Release|Any CPU
		{81DDED9D-158B-E303-5F62-77A2896D2A5A}.Release|Any CPU.Build.0 = Release|Any CPU
	EndGlobalSection
	GlobalSection(SolutionProperties) = preSolution
		HideSolutionNode = FALSE
	EndGlobalSection
	GlobalSection(NestedProjects) = preSolution
		{208B2A15-D5E2-4784-A22D-D81BD3581562} = {8F414932-02C0-4A6E-8225-00A16DDCBAD6}
		{78A5A358-616B-475F-9480-1C4A82252325} = {208B2A15-D5E2-4784-A22D-D81BD3581562}
		{DD383E65-6E30-480D-8F3E-096CB9E69EFE} = {78A5A358-616B-475F-9480-1C4A82252325}
		{5C7FA04C-ADAC-42EC-A37E-A13E8ACE7249} = {8F414932-02C0-4A6E-8225-00A16DDCBAD6}
		{667BACC1-63A9-4661-9199-51F937B4C2EC} = {5C7FA04C-ADAC-42EC-A37E-A13E8ACE7249}
	EndGlobalSection
	GlobalSection(ExtensibilityGlobals) = postSolution
		SolutionGuid = {4F029095-68BD-4F55-9E65-B1F1F51B44CF}
	EndGlobalSection
EndGlobal
